
Microsoft Visual Studio Solution File, Format Version 12.00
# Visual Studio Version 17
VisualStudioVersion = 17.11.35312.102
MinimumVisualStudioVersion = 10.0.40219.1
Project("{FAE04EC0-301F-11D3-BF4B-00C04F79EFBC}") = "EstonianAnimals", "EstonianAnimals.csproj", "{06B215B3-44D3-487C-80C5-36746E598D1A}"
EndProject
Global
	GlobalSection(SolutionConfigurationPlatforms) = preSolution
		Debug|Any CPU = Debug|Any CPU
		Release|Any CPU = Release|Any CPU
	EndGlobalSection
	GlobalSection(ProjectConfigurationPlatforms) = postSolution
		{06B215B3-44D3-487C-80C5-36746E598D1A}.Debug|Any CPU.ActiveCfg = Debug|Any CPU
		{06B215B3-44D3-487C-80C5-36746E598D1A}.Debug|Any CPU.Build.0 = Debug|Any CPU
		{06B215B3-44D3-487C-80C5-36746E598D1A}.Debug|Any CPU.Deploy.0 = Debug|Any CPU
		{06B215B3-44D3-487C-80C5-36746E598D1A}.Release|Any CPU.ActiveCfg = Release|Any CPU
		{06B215B3-44D3-487C-80C5-36746E598D1A}.Release|Any CPU.Build.0 = Release|Any CPU
		{06B215B3-44D3-487C-80C5-36746E598D1A}.Release|Any CPU.Deploy.0 = Release|Any CPU
	EndGlobalSection
	GlobalSection(SolutionProperties) = preSolution
		HideSolutionNode = FALSE
	EndGlobalSection
	GlobalSection(ExtensibilityGlobals) = postSolution
		SolutionGuid = {197D01F1-A9CC-4376-B009-61BEA46258A5}
	EndGlobalSection
EndGlobal
